
Microsoft Visual Studio Solution File, Format Version 12.00
# Visual Studio 2013
VisualStudioVersion = 12.0.30723.0
MinimumVisualStudioVersion = 10.0.40219.1
Project("{FAE04EC0-301F-11D3-BF4B-00C04F79EFBC}") = "Swift", "Swift\Swift.csproj", "{5C55C933-7725-4595-B0FC-A3E2B6A55B8B}"
EndProject
Project("{2150E333-8FDC-42A3-9474-1A3956D46DE8}") = "Solution Items", "Solution Items", "{1B0C5B64-9C5C-470A-830C-172EF62DDA12}"
	ProjectSection(SolutionItems) = preProject
		LICENSE.md = LICENSE.md
		README.md = README.md
	EndProjectSection
EndProject
Project("{FAE04EC0-301F-11D3-BF4B-00C04F79EFBC}") = "Swift.API", "Swift.API\Swift.API.csproj", "{D4899D52-C1AE-4704-82D0-7449D694CE0C}"
EndProject
Project("{FAE04EC0-301F-11D3-BF4B-00C04F79EFBC}") = "Swift.Tests", "Swift.Tests\Swift.Tests.csproj", "{07FEB5B2-5A98-457B-82F5-F8FECFBFF00F}"
EndProject
Project("{2150E333-8FDC-42A3-9474-1A3956D46DE8}") = ".nuget", ".nuget", "{98A9F4EF-A761-449C-9EB5-4F91762C2596}"
	ProjectSection(SolutionItems) = preProject
		.nuget\NuGet.Config = .nuget\NuGet.Config
		.nuget\NuGet.exe = .nuget\NuGet.exe
		.nuget\NuGet.targets = .nuget\NuGet.targets
	EndProjectSection
EndProject
Global
	GlobalSection(SolutionConfigurationPlatforms) = preSolution
		Debug|Any CPU = Debug|Any CPU
		Debug|Mixed Platforms = Debug|Mixed Platforms
		Debug|x64 = Debug|x64
		Debug|x86 = Debug|x86
		Release|Any CPU = Release|Any CPU
		Release|Mixed Platforms = Release|Mixed Platforms
		Release|x64 = Release|x64
		Release|x86 = Release|x86
	EndGlobalSection
	GlobalSection(ProjectConfigurationPlatforms) = postSolution
		{5C55C933-7725-4595-B0FC-A3E2B6A55B8B}.Debug|Any CPU.ActiveCfg = Debug|Any CPU
		{5C55C933-7725-4595-B0FC-A3E2B6A55B8B}.Debug|Any CPU.Build.0 = Debug|Any CPU
		{5C55C933-7725-4595-B0FC-A3E2B6A55B8B}.Debug|Mixed Platforms.ActiveCfg = Debug|x86
		{5C55C933-7725-4595-B0FC-A3E2B6A55B8B}.Debug|Mixed Platforms.Build.0 = Debug|x86
		{5C55C933-7725-4595-B0FC-A3E2B6A55B8B}.Debug|x64.ActiveCfg = Debug|x64
		{5C55C933-7725-4595-B0FC-A3E2B6A55B8B}.Debug|x64.Build.0 = Debug|x64
		{5C55C933-7725-4595-B0FC-A3E2B6A55B8B}.Debug|x86.ActiveCfg = Debug|x86
		{5C55C933-7725-4595-B0FC-A3E2B6A55B8B}.Debug|x86.Build.0 = Debug|x86
		{5C55C933-7725-4595-B0FC-A3E2B6A55B8B}.Release|Any CPU.ActiveCfg = Release|Any CPU
		{5C55C933-7725-4595-B0FC-A3E2B6A55B8B}.Release|Any CPU.Build.0 = Release|Any CPU
		{5C55C933-7725-4595-B0FC-A3E2B6A55B8B}.Release|Mixed Platforms.ActiveCfg = Release|x86
		{5C55C933-7725-4595-B0FC-A3E2B6A55B8B}.Release|Mixed Platforms.Build.0 = Release|x86
		{5C55C933-7725-4595-B0FC-A3E2B6A55B8B}.Release|x64.ActiveCfg = Release|x64
		{5C55C933-7725-4595-B0FC-A3E2B6A55B8B}.Release|x64.Build.0 = Release|x64
		{5C55C933-7725-4595-B0FC-A3E2B6A55B8B}.Release|x86.ActiveCfg = Release|x86
		{5C55C933-7725-4595-B0FC-A3E2B6A55B8B}.Release|x86.Build.0 = Release|x86
		{D4899D52-C1AE-4704-82D0-7449D694CE0C}.Debug|Any CPU.ActiveCfg = Debug|Any CPU
		{D4899D52-C1AE-4704-82D0-7449D694CE0C}.Debug|Any CPU.Build.0 = Debug|Any CPU
		{D4899D52-C1AE-4704-82D0-7449D694CE0C}.Debug|Mixed Platforms.ActiveCfg = Debug|Any CPU
		{D4899D52-C1AE-4704-82D0-7449D694CE0C}.Debug|Mixed Platforms.Build.0 = Debug|Any CPU
		{D4899D52-C1AE-4704-82D0-7449D694CE0C}.Debug|x64.ActiveCfg = Debug|x64
		{D4899D52-C1AE-4704-82D0-7449D694CE0C}.Debug|x64.Build.0 = Debug|x64
		{D4899D52-C1AE-4704-82D0-7449D694CE0C}.Debug|x86.ActiveCfg = Debug|x86
		{D4899D52-C1AE-4704-82D0-7449D694CE0C}.Debug|x86.Build.0 = Debug|x86
		{D4899D52-C1AE-4704-82D0-7449D694CE0C}.Release|Any CPU.ActiveCfg = Release|Any CPU
		{D4899D52-C1AE-4704-82D0-7449D694CE0C}.Release|Any CPU.Build.0 = Release|Any CPU
		{D4899D52-C1AE-4704-82D0-7449D694CE0C}.Release|Mixed Platforms.ActiveCfg = Release|Any CPU
		{D4899D52-C1AE-4704-82D0-7449D694CE0C}.Release|Mixed Platforms.Build.0 = Release|Any CPU
		{D4899D52-C1AE-4704-82D0-7449D694CE0C}.Release|x64.ActiveCfg = Release|Any CPU
		{D4899D52-C1AE-4704-82D0-7449D694CE0C}.Release|x86.ActiveCfg = Release|Any CPU
		{D4899D52-C1AE-4704-82D0-7449D694CE0C}.Release|x86.Build.0 = Release|Any CPU
		{07FEB5B2-5A98-457B-82F5-F8FECFBFF00F}.Debug|Any CPU.ActiveCfg = Debug|Any CPU
		{07FEB5B2-5A98-457B-82F5-F8FECFBFF00F}.Debug|Any CPU.Build.0 = Debug|Any CPU
		{07FEB5B2-5A98-457B-82F5-F8FECFBFF00F}.Debug|Mixed Platforms.ActiveCfg = Debug|Any CPU
		{07FEB5B2-5A98-457B-82F5-F8FECFBFF00F}.Debug|Mixed Platforms.Build.0 = Debug|Any CPU
		{07FEB5B2-5A98-457B-82F5-F8FECFBFF00F}.Debug|x64.ActiveCfg = Debug|Any CPU
		{07FEB5B2-5A98-457B-82F5-F8FECFBFF00F}.Debug|x86.ActiveCfg = Debug|x86
		{07FEB5B2-5A98-457B-82F5-F8FECFBFF00F}.Debug|x86.Build.0 = Debug|x86
		{07FEB5B2-5A98-457B-82F5-F8FECFBFF00F}.Release|Any CPU.ActiveCfg = Release|Any CPU
		{07FEB5B2-5A98-457B-82F5-F8FECFBFF00F}.Release|Any CPU.Build.0 = Release|Any CPU
		{07FEB5B2-5A98-457B-82F5-F8FECFBFF00F}.Release|Mixed Platforms.ActiveCfg = Release|Any CPU
		{07FEB5B2-5A98-457B-82F5-F8FECFBFF00F}.Release|Mixed Platforms.Build.0 = Release|Any CPU
		{07FEB5B2-5A98-457B-82F5-F8FECFBFF00F}.Release|x64.ActiveCfg = Release|Any CPU
		{07FEB5B2-5A98-457B-82F5-F8FECFBFF00F}.Release|x86.ActiveCfg = Release|Any CPU
	EndGlobalSection
	GlobalSection(SolutionProperties) = preSolution
		HideSolutionNode = FALSE
	EndGlobalSection
EndGlobal
